
Microsoft Visual Studio Solution File, Format Version 12.00
# Visual Studio Version 16
VisualStudioVersion = 16.0.30413.136
MinimumVisualStudioVersion = 15.0.26124.0
Project("{9A19103F-16F7-4668-BE54-9A1E7A4F7556}") = "SportsStore", "SportsStore\SportsStore.csproj", "{0870A1A4-B699-4143-9483-24964191F99B}"
EndProject
Project("{9A19103F-16F7-4668-BE54-9A1E7A4F7556}") = "SportsStore.Tests", "SportsStore.Tests\SportsStore.Tests.csproj", "{DAE9D912-4459-4E86-A86E-DEB1B3DAB057}"
EndProject
Global
	GlobalSection(SolutionConfigurationPlatforms) = preSolution
		Debug|Any CPU = Debug|Any CPU
		Debug|x64 = Debug|x64
		Debug|x86 = Debug|x86
		Release|Any CPU = Release|Any CPU
		Release|x64 = Release|x64
		Release|x86 = Release|x86
	EndGlobalSection
	GlobalSection(ProjectConfigurationPlatforms) = postSolution
		{0870A1A4-B699-4143-9483-24964191F99B}.Debug|Any CPU.ActiveCfg = Debug|Any CPU
		{0870A1A4-B699-4143-9483-24964191F99B}.Debug|Any CPU.Build.0 = Debug|Any CPU
		{0870A1A4-B699-4143-9483-24964191F99B}.Debug|x64.ActiveCfg = Debug|Any CPU
		{0870A1A4-B699-4143-9483-24964191F99B}.Debug|x64.Build.0 = Debug|Any CPU
		{0870A1A4-B699-4143-9483-24964191F99B}.Debug|x86.ActiveCfg = Debug|Any CPU
		{0870A1A4-B699-4143-9483-24964191F99B}.Debug|x86.Build.0 = Debug|Any CPU
		{0870A1A4-B699-4143-9483-24964191F99B}.Release|Any CPU.ActiveCfg = Release|Any CPU
		{0870A1A4-B699-4143-9483-24964191F99B}.Release|Any CPU.Build.0 = Release|Any CPU
		{0870A1A4-B699-4143-9483-24964191F99B}.Release|x64.ActiveCfg = Release|Any CPU
		{0870A1A4-B699-4143-9483-24964191F99B}.Release|x64.Build.0 = Release|Any CPU
		{0870A1A4-B699-4143-9483-24964191F99B}.Release|x86.ActiveCfg = Release|Any CPU
		{0870A1A4-B699-4143-9483-24964191F99B}.Release|x86.Build.0 = Release|Any CPU
		{DAE9D912-4459-4E86-A86E-DEB1B3DAB057}.Debug|Any CPU.ActiveCfg = Debug|Any CPU
		{DAE9D912-4459-4E86-A86E-DEB1B3DAB057}.Debug|Any CPU.Build.0 = Debug|Any CPU
		{DAE9D912-4459-4E86-A86E-DEB1B3DAB057}.Debug|x64.ActiveCfg = Debug|Any CPU
		{DAE9D912-4459-4E86-A86E-DEB1B3DAB057}.Debug|x64.Build.0 = Debug|Any CPU
		{DAE9D912-4459-4E86-A86E-DEB1B3DAB057}.Debug|x86.ActiveCfg = Debug|Any CPU
		{DAE9D912-4459-4E86-A86E-DEB1B3DAB057}.Debug|x86.Build.0 = Debug|Any CPU
		{DAE9D912-4459-4E86-A86E-DEB1B3DAB057}.Release|Any CPU.ActiveCfg = Release|Any CPU
		{DAE9D912-4459-4E86-A86E-DEB1B3DAB057}.Release|Any CPU.Build.0 = Release|Any CPU
		{DAE9D912-4459-4E86-A86E-DEB1B3DAB057}.Release|x64.ActiveCfg = Release|Any CPU
		{DAE9D912-4459-4E86-A86E-DEB1B3DAB057}.Release|x64.Build.0 = Release|Any CPU
		{DAE9D912-4459-4E86-A86E-DEB1B3DAB057}.Release|x86.ActiveCfg = Release|Any CPU
		{DAE9D912-4459-4E86-A86E-DEB1B3DAB057}.Release|x86.Build.0 = Release|Any CPU
	EndGlobalSection
	GlobalSection(SolutionProperties) = preSolution
		HideSolutionNode = FALSE
	EndGlobalSection
	GlobalSection(ExtensibilityGlobals) = postSolution
		SolutionGuid = {01EF6730-4D11-41F1-B42E-0252667D20FF}
	EndGlobalSection
EndGlobal
